// !$*UTF8*$!
{
	archiveVersion = 1;
	classes = {
	};
	objectVersion = 46;
	objects = {

/* Begin PBXBuildFile section */
		A18F1BC81E89878400FA4338 /* AppDelegate.swift in Sources */ = {isa = PBXBuildFile; fileRef = A18F1BC71E89878400FA4338 /* AppDelegate.swift */; };
		A18F1BCF1E89878400FA4338 /* Assets.xcassets in Resources */ = {isa = PBXBuildFile; fileRef = A18F1BCE1E89878400FA4338 /* Assets.xcassets */; };
		A18F1BD21E89878400FA4338 /* LaunchScreen.storyboard in Resources */ = {isa = PBXBuildFile; fileRef = A18F1BD01E89878400FA4338 /* LaunchScreen.storyboard */; };
		A18F1BDD1E89878400FA4338 /* AppDelegateSpec.swift in Sources */ = {isa = PBXBuildFile; fileRef = A18F1BDC1E89878400FA4338 /* AppDelegateSpec.swift */; };
		A18F1BE81E89878400FA4338 /* ClickCounterUITests.swift in Sources */ = {isa = PBXBuildFile; fileRef = A18F1BE71E89878400FA4338 /* ClickCounterUITests.swift */; };
		A18F1BF91E8988F900FA4338 /* ClickerViewController.swift in Sources */ = {isa = PBXBuildFile; fileRef = A18F1BF71E8988F900FA4338 /* ClickerViewController.swift */; };
		A18F1BFA1E8988F900FA4338 /* ClickerViewController.xib in Resources */ = {isa = PBXBuildFile; fileRef = A18F1BF81E8988F900FA4338 /* ClickerViewController.xib */; };
		A18F1C5E1E8994B800FA4338 /* Model.swift in Sources */ = {isa = PBXBuildFile; fileRef = A18F1C5D1E8994B800FA4338 /* Model.swift */; };
		A18F1C701E89959200FA4338 /* ModelSpec.swift in Sources */ = {isa = PBXBuildFile; fileRef = A18F1C6F1E89959200FA4338 /* ModelSpec.swift */; };
		BB8C33401E8A315B00D43A26 /* Quick.framework in Frameworks */ = {isa = PBXBuildFile; fileRef = BB8C333D1E8A2F1200D43A26 /* Quick.framework */; };
		BB8C33411E8A315D00D43A26 /* Nimble.framework in Frameworks */ = {isa = PBXBuildFile; fileRef = BB8C333C1E8A2F1200D43A26 /* Nimble.framework */; };
		BB8C33481E8A326C00D43A26 /* Quick.framework in CopyFiles */ = {isa = PBXBuildFile; fileRef = BB8C333D1E8A2F1200D43A26 /* Quick.framework */; settings = {ATTRIBUTES = (RemoveHeadersOnCopy, ); }; };
		BB8C33491E8A327000D43A26 /* Nimble.framework in CopyFiles */ = {isa = PBXBuildFile; fileRef = BB8C333C1E8A2F1200D43A26 /* Nimble.framework */; settings = {ATTRIBUTES = (RemoveHeadersOnCopy, ); }; };
		BB95C2C01E8A33F300301957 /* Nimble.framework in Frameworks */ = {isa = PBXBuildFile; fileRef = BB8C333C1E8A2F1200D43A26 /* Nimble.framework */; };
		BB95C2C11E8A33F300301957 /* Quick.framework in Frameworks */ = {isa = PBXBuildFile; fileRef = BB8C333D1E8A2F1200D43A26 /* Quick.framework */; };
		BB95C2C21E8A33F900301957 /* Nimble.framework in CopyFiles */ = {isa = PBXBuildFile; fileRef = BB8C333C1E8A2F1200D43A26 /* Nimble.framework */; settings = {ATTRIBUTES = (CodeSignOnCopy, RemoveHeadersOnCopy, ); }; };
		BB95C2C31E8A33F900301957 /* Quick.framework in CopyFiles */ = {isa = PBXBuildFile; fileRef = BB8C333D1E8A2F1200D43A26 /* Quick.framework */; settings = {ATTRIBUTES = (CodeSignOnCopy, RemoveHeadersOnCopy, ); }; };
/* End PBXBuildFile section */

/* Begin PBXContainerItemProxy section */
		A18F1BD91E89878400FA4338 /* PBXContainerItemProxy */ = {
			isa = PBXContainerItemProxy;
			containerPortal = A18F1BBC1E89878400FA4338 /* Project object */;
			proxyType = 1;
			remoteGlobalIDString = A18F1BC31E89878400FA4338;
			remoteInfo = ClickCounter;
		};
		A18F1BE41E89878400FA4338 /* PBXContainerItemProxy */ = {
			isa = PBXContainerItemProxy;
			containerPortal = A18F1BBC1E89878400FA4338 /* Project object */;
			proxyType = 1;
			remoteGlobalIDString = A18F1BC31E89878400FA4338;
			remoteInfo = ClickCounter;
		};
/* End PBXContainerItemProxy section */

/* Begin PBXCopyFilesBuildPhase section */
		A18F1C021E898A3300FA4338 /* CopyFiles */ = {
			isa = PBXCopyFilesBuildPhase;
			buildActionMask = 2147483647;
			dstPath = "";
			dstSubfolderSpec = 10;
			files = (
				BB8C33491E8A327000D43A26 /* Nimble.framework in CopyFiles */,
				BB8C33481E8A326C00D43A26 /* Quick.framework in CopyFiles */,
			);
			runOnlyForDeploymentPostprocessing = 0;
		};
		A18F1C051E898A3D00FA4338 /* CopyFiles */ = {
			isa = PBXCopyFilesBuildPhase;
			buildActionMask = 2147483647;
			dstPath = "";
			dstSubfolderSpec = 10;
			files = (
				BB95C2C21E8A33F900301957 /* Nimble.framework in CopyFiles */,
				BB95C2C31E8A33F900301957 /* Quick.framework in CopyFiles */,
			);
			runOnlyForDeploymentPostprocessing = 0;
		};
/* End PBXCopyFilesBuildPhase section */

/* Begin PBXFileReference section */
		A18F1BC41E89878400FA4338 /* ClickCounter.app */ = {isa = PBXFileReference; explicitFileType = wrapper.application; includeInIndex = 0; path = ClickCounter.app; sourceTree = BUILT_PRODUCTS_DIR; };
		A18F1BC71E89878400FA4338 /* AppDelegate.swift */ = {isa = PBXFileReference; lastKnownFileType = sourcecode.swift; path = AppDelegate.swift; sourceTree = "<group>"; };
		A18F1BCE1E89878400FA4338 /* Assets.xcassets */ = {isa = PBXFileReference; lastKnownFileType = folder.assetcatalog; path = Assets.xcassets; sourceTree = "<group>"; };
		A18F1BD11E89878400FA4338 /* Base */ = {isa = PBXFileReference; lastKnownFileType = file.storyboard; name = Base; path = Base.lproj/LaunchScreen.storyboard; sourceTree = "<group>"; };
		A18F1BD31E89878400FA4338 /* Info.plist */ = {isa = PBXFileReference; lastKnownFileType = text.plist.xml; path = Info.plist; sourceTree = "<group>"; };
		A18F1BD81E89878400FA4338 /* ClickCounterTests.xctest */ = {isa = PBXFileReference; explicitFileType = wrapper.cfbundle; includeInIndex = 0; path = ClickCounterTests.xctest; sourceTree = BUILT_PRODUCTS_DIR; };
		A18F1BDC1E89878400FA4338 /* AppDelegateSpec.swift */ = {isa = PBXFileReference; lastKnownFileType = sourcecode.swift; path = AppDelegateSpec.swift; sourceTree = "<group>"; };
		A18F1BDE1E89878400FA4338 /* Info.plist */ = {isa = PBXFileReference; lastKnownFileType = text.plist.xml; path = Info.plist; sourceTree = "<group>"; };
		A18F1BE31E89878400FA4338 /* ClickCounterUITests.xctest */ = {isa = PBXFileReference; explicitFileType = wrapper.cfbundle; includeInIndex = 0; path = ClickCounterUITests.xctest; sourceTree = BUILT_PRODUCTS_DIR; };
		A18F1BE71E89878400FA4338 /* ClickCounterUITests.swift */ = {isa = PBXFileReference; lastKnownFileType = sourcecode.swift; path = ClickCounterUITests.swift; sourceTree = "<group>"; };
		A18F1BE91E89878400FA4338 /* Info.plist */ = {isa = PBXFileReference; lastKnownFileType = text.plist.xml; path = Info.plist; sourceTree = "<group>"; };
		A18F1BF71E8988F900FA4338 /* ClickerViewController.swift */ = {isa = PBXFileReference; fileEncoding = 4; lastKnownFileType = sourcecode.swift; path = ClickerViewController.swift; sourceTree = "<group>"; };
		A18F1BF81E8988F900FA4338 /* ClickerViewController.xib */ = {isa = PBXFileReference; fileEncoding = 4; lastKnownFileType = file.xib; path = ClickerViewController.xib; sourceTree = "<group>"; };
		A18F1C5D1E8994B800FA4338 /* Model.swift */ = {isa = PBXFileReference; fileEncoding = 4; lastKnownFileType = sourcecode.swift; path = Model.swift; sourceTree = "<group>"; };
		A18F1C6F1E89959200FA4338 /* ModelSpec.swift */ = {isa = PBXFileReference; fileEncoding = 4; lastKnownFileType = sourcecode.swift; path = ModelSpec.swift; sourceTree = "<group>"; };
		BB8C333C1E8A2F1200D43A26 /* Nimble.framework */ = {isa = PBXFileReference; lastKnownFileType = wrapper.framework; name = Nimble.framework; path = Carthage/Build/iOS/Nimble.framework; sourceTree = "<group>"; };
		BB8C333D1E8A2F1200D43A26 /* Quick.framework */ = {isa = PBXFileReference; lastKnownFileType = wrapper.framework; name = Quick.framework; path = Carthage/Build/iOS/Quick.framework; sourceTree = "<group>"; };
/* End PBXFileReference section */

/* Begin PBXFrameworksBuildPhase section */
		A18F1BC11E89878400FA4338 /* Frameworks */ = {
			isa = PBXFrameworksBuildPhase;
			buildActionMask = 2147483647;
			files = (
			);
			runOnlyForDeploymentPostprocessing = 0;
		};
		A18F1BD51E89878400FA4338 /* Frameworks */ = {
			isa = PBXFrameworksBuildPhase;
			buildActionMask = 2147483647;
			files = (
				BB8C33411E8A315D00D43A26 /* Nimble.framework in Frameworks */,
				BB8C33401E8A315B00D43A26 /* Quick.framework in Frameworks */,
			);
			runOnlyForDeploymentPostprocessing = 0;
		};
		A18F1BE01E89878400FA4338 /* Frameworks */ = {
			isa = PBXFrameworksBuildPhase;
			buildActionMask = 2147483647;
			files = (
				BB95C2C01E8A33F300301957 /* Nimble.framework in Frameworks */,
				BB95C2C11E8A33F300301957 /* Quick.framework in Frameworks */,
			);
			runOnlyForDeploymentPostprocessing = 0;
		};
/* End PBXFrameworksBuildPhase section */

/* Begin PBXGroup section */
		A18F1BBB1E89878400FA4338 = {
			isa = PBXGroup;
			children = (
				A18F1BC61E89878400FA4338 /* ClickCounter */,
				A18F1BDB1E89878400FA4338 /* ClickCounterTests */,
				A18F1BE61E89878400FA4338 /* ClickCounterUITests */,
				A18F1BC51E89878400FA4338 /* Products */,
				A18F1C1E1E898B9A00FA4338 /* Frameworks */,
			);
			sourceTree = "<group>";
		};
		A18F1BC51E89878400FA4338 /* Products */ = {
			isa = PBXGroup;
			children = (
				A18F1BC41E89878400FA4338 /* ClickCounter.app */,
				A18F1BD81E89878400FA4338 /* ClickCounterTests.xctest */,
				A18F1BE31E89878400FA4338 /* ClickCounterUITests.xctest */,
			);
			name = Products;
			sourceTree = "<group>";
		};
		A18F1BC61E89878400FA4338 /* ClickCounter */ = {
			isa = PBXGroup;
			children = (
				A18F1BD31E89878400FA4338 /* Info.plist */,
				A18F1BC71E89878400FA4338 /* AppDelegate.swift */,
				A18F1BCE1E89878400FA4338 /* Assets.xcassets */,
				A18F1C5C1E89949700FA4338 /* AppModel */,
				A18F1C341E89939800FA4338 /* Controllers */,
				A18F1BD01E89878400FA4338 /* LaunchScreen.storyboard */,
			);
			path = ClickCounter;
			sourceTree = "<group>";
		};
		A18F1BDB1E89878400FA4338 /* ClickCounterTests */ = {
			isa = PBXGroup;
			children = (
				A18F1BDC1E89878400FA4338 /* AppDelegateSpec.swift */,
				A18F1C6E1E89957900FA4338 /* AppModel */,
				A18F1BDE1E89878400FA4338 /* Info.plist */,
			);
			path = ClickCounterTests;
			sourceTree = "<group>";
		};
		A18F1BE61E89878400FA4338 /* ClickCounterUITests */ = {
			isa = PBXGroup;
			children = (
				A18F1BE71E89878400FA4338 /* ClickCounterUITests.swift */,
				A18F1BE91E89878400FA4338 /* Info.plist */,
			);
			path = ClickCounterUITests;
			sourceTree = "<group>";
		};
		A18F1C1E1E898B9A00FA4338 /* Frameworks */ = {
			isa = PBXGroup;
			children = (
				BB8C333C1E8A2F1200D43A26 /* Nimble.framework */,
				BB8C333D1E8A2F1200D43A26 /* Quick.framework */,
			);
			name = Frameworks;
			sourceTree = "<group>";
		};
		A18F1C341E89939800FA4338 /* Controllers */ = {
			isa = PBXGroup;
			children = (
				A18F1BF71E8988F900FA4338 /* ClickerViewController.swift */,
				A18F1BF81E8988F900FA4338 /* ClickerViewController.xib */,
			);
			name = Controllers;
			sourceTree = "<group>";
		};
		A18F1C5C1E89949700FA4338 /* AppModel */ = {
			isa = PBXGroup;
			children = (
				A18F1C5D1E8994B800FA4338 /* Model.swift */,
			);
			path = AppModel;
			sourceTree = "<group>";
		};
		A18F1C6E1E89957900FA4338 /* AppModel */ = {
			isa = PBXGroup;
			children = (
				A18F1C6F1E89959200FA4338 /* ModelSpec.swift */,
			);
			path = AppModel;
			sourceTree = "<group>";
		};
/* End PBXGroup section */

/* Begin PBXNativeTarget section */
		A18F1BC31E89878400FA4338 /* ClickCounter */ = {
			isa = PBXNativeTarget;
			buildConfigurationList = A18F1BEC1E89878400FA4338 /* Build configuration list for PBXNativeTarget "ClickCounter" */;
			buildPhases = (
				A18F1BC01E89878400FA4338 /* Sources */,
				A18F1BC11E89878400FA4338 /* Frameworks */,
				A18F1BC21E89878400FA4338 /* Resources */,
			);
			buildRules = (
			);
			dependencies = (
			);
			name = ClickCounter;
			productName = ClickCounter;
			productReference = A18F1BC41E89878400FA4338 /* ClickCounter.app */;
			productType = "com.apple.product-type.application";
		};
		A18F1BD71E89878400FA4338 /* ClickCounterTests */ = {
			isa = PBXNativeTarget;
			buildConfigurationList = A18F1BEF1E89878400FA4338 /* Build configuration list for PBXNativeTarget "ClickCounterTests" */;
			buildPhases = (
				A18F1BD41E89878400FA4338 /* Sources */,
				A18F1BD51E89878400FA4338 /* Frameworks */,
				A18F1BD61E89878400FA4338 /* Resources */,
				A18F1C021E898A3300FA4338 /* CopyFiles */,
			);
			buildRules = (
			);
			dependencies = (
				A18F1BDA1E89878400FA4338 /* PBXTargetDependency */,
			);
			name = ClickCounterTests;
			productName = ClickCounterTests;
			productReference = A18F1BD81E89878400FA4338 /* ClickCounterTests.xctest */;
			productType = "com.apple.product-type.bundle.unit-test";
		};
		A18F1BE21E89878400FA4338 /* ClickCounterUITests */ = {
			isa = PBXNativeTarget;
			buildConfigurationList = A18F1BF21E89878400FA4338 /* Build configuration list for PBXNativeTarget "ClickCounterUITests" */;
			buildPhases = (
				A18F1BDF1E89878400FA4338 /* Sources */,
				A18F1BE01E89878400FA4338 /* Frameworks */,
				A18F1BE11E89878400FA4338 /* Resources */,
				A18F1C051E898A3D00FA4338 /* CopyFiles */,
			);
			buildRules = (
			);
			dependencies = (
				A18F1BE51E89878400FA4338 /* PBXTargetDependency */,
			);
			name = ClickCounterUITests;
			productName = ClickCounterUITests;
			productReference = A18F1BE31E89878400FA4338 /* ClickCounterUITests.xctest */;
			productType = "com.apple.product-type.bundle.ui-testing";
		};
/* End PBXNativeTarget section */

/* Begin PBXProject section */
		A18F1BBC1E89878400FA4338 /* Project object */ = {
			isa = PBXProject;
			attributes = {
				LastSwiftUpdateCheck = 0820;
				LastUpgradeCheck = 0820;
				ORGANIZATIONNAME = "";
				TargetAttributes = {
					A18F1BC31E89878400FA4338 = {
						CreatedOnToolsVersion = 8.2.1;
						DevelopmentTeam = S598LCKBB9;
						ProvisioningStyle = Automatic;
					};
					A18F1BD71E89878400FA4338 = {
						CreatedOnToolsVersion = 8.2.1;
						DevelopmentTeam = S598LCKBB9;
						ProvisioningStyle = Automatic;
						TestTargetID = A18F1BC31E89878400FA4338;
					};
					A18F1BE21E89878400FA4338 = {
						CreatedOnToolsVersion = 8.2.1;
						DevelopmentTeam = S598LCKBB9;
						ProvisioningStyle = Automatic;
						TestTargetID = A18F1BC31E89878400FA4338;
					};
				};
			};
			buildConfigurationList = A18F1BBF1E89878400FA4338 /* Build configuration list for PBXProject "ClickCounter" */;
			compatibilityVersion = "Xcode 3.2";
			developmentRegion = English;
			hasScannedForEncodings = 0;
			knownRegions = (
				en,
				Base,
			);
			mainGroup = A18F1BBB1E89878400FA4338;
			productRefGroup = A18F1BC51E89878400FA4338 /* Products */;
			projectDirPath = "";
			projectRoot = "";
			targets = (
				A18F1BC31E89878400FA4338 /* ClickCounter */,
				A18F1BD71E89878400FA4338 /* ClickCounterTests */,
				A18F1BE21E89878400FA4338 /* ClickCounterUITests */,
			);
		};
/* End PBXProject section */

/* Begin PBXResourcesBuildPhase section */
		A18F1BC21E89878400FA4338 /* Resources */ = {
			isa = PBXResourcesBuildPhase;
			buildActionMask = 2147483647;
			files = (
				A18F1BFA1E8988F900FA4338 /* ClickerViewController.xib in Resources */,
				A18F1BD21E89878400FA4338 /* LaunchScreen.storyboard in Resources */,
				A18F1BCF1E89878400FA4338 /* Assets.xcassets in Resources */,
			);
			runOnlyForDeploymentPostprocessing = 0;
		};
		A18F1BD61E89878400FA4338 /* Resources */ = {
			isa = PBXResourcesBuildPhase;
			buildActionMask = 2147483647;
			files = (
			);
			runOnlyForDeploymentPostprocessing = 0;
		};
		A18F1BE11E89878400FA4338 /* Resources */ = {
			isa = PBXResourcesBuildPhase;
			buildActionMask = 2147483647;
			files = (
			);
			runOnlyForDeploymentPostprocessing = 0;
		};
/* End PBXResourcesBuildPhase section */

/* Begin PBXSourcesBuildPhase section */
		A18F1BC01E89878400FA4338 /* Sources */ = {
			isa = PBXSourcesBuildPhase;
			buildActionMask = 2147483647;
			files = (
				A18F1C5E1E8994B800FA4338 /* Model.swift in Sources */,
				A18F1BF91E8988F900FA4338 /* ClickerViewController.swift in Sources */,
				A18F1BC81E89878400FA4338 /* AppDelegate.swift in Sources */,
			);
			runOnlyForDeploymentPostprocessing = 0;
		};
		A18F1BD41E89878400FA4338 /* Sources */ = {
			isa = PBXSourcesBuildPhase;
			buildActionMask = 2147483647;
			files = (
				A18F1C701E89959200FA4338 /* ModelSpec.swift in Sources */,
				A18F1BDD1E89878400FA4338 /* AppDelegateSpec.swift in Sources */,
			);
			runOnlyForDeploymentPostprocessing = 0;
		};
		A18F1BDF1E89878400FA4338 /* Sources */ = {
			isa = PBXSourcesBuildPhase;
			buildActionMask = 2147483647;
			files = (
				A18F1BE81E89878400FA4338 /* ClickCounterUITests.swift in Sources */,
			);
			runOnlyForDeploymentPostprocessing = 0;
		};
/* End PBXSourcesBuildPhase section */

/* Begin PBXTargetDependency section */
		A18F1BDA1E89878400FA4338 /* PBXTargetDependency */ = {
			isa = PBXTargetDependency;
			target = A18F1BC31E89878400FA4338 /* ClickCounter */;
			targetProxy = A18F1BD91E89878400FA4338 /* PBXContainerItemProxy */;
		};
		A18F1BE51E89878400FA4338 /* PBXTargetDependency */ = {
			isa = PBXTargetDependency;
			target = A18F1BC31E89878400FA4338 /* ClickCounter */;
			targetProxy = A18F1BE41E89878400FA4338 /* PBXContainerItemProxy */;
		};
/* End PBXTargetDependency section */

/* Begin PBXVariantGroup section */
		A18F1BD01E89878400FA4338 /* LaunchScreen.storyboard */ = {
			isa = PBXVariantGroup;
			children = (
				A18F1BD11E89878400FA4338 /* Base */,
			);
			name = LaunchScreen.storyboard;
			sourceTree = "<group>";
		};
/* End PBXVariantGroup section */

/* Begin XCBuildConfiguration section */
		A18F1BEA1E89878400FA4338 /* Debug */ = {
			isa = XCBuildConfiguration;
			buildSettings = {
				ALWAYS_SEARCH_USER_PATHS = NO;
				CLANG_ANALYZER_NONNULL = YES;
				CLANG_CXX_LANGUAGE_STANDARD = "gnu++0x";
				CLANG_CXX_LIBRARY = "libc++";
				CLANG_ENABLE_MODULES = YES;
				CLANG_ENABLE_OBJC_ARC = YES;
				CLANG_WARN_BOOL_CONVERSION = YES;
				CLANG_WARN_CONSTANT_CONVERSION = YES;
				CLANG_WARN_DIRECT_OBJC_ISA_USAGE = YES_ERROR;
				CLANG_WARN_DOCUMENTATION_COMMENTS = YES;
				CLANG_WARN_EMPTY_BODY = YES;
				CLANG_WARN_ENUM_CONVERSION = YES;
				CLANG_WARN_INFINITE_RECURSION = YES;
				CLANG_WARN_INT_CONVERSION = YES;
				CLANG_WARN_OBJC_ROOT_CLASS = YES_ERROR;
				CLANG_WARN_SUSPICIOUS_MOVE = YES;
				CLANG_WARN_UNREACHABLE_CODE = YES;
				CLANG_WARN__DUPLICATE_METHOD_MATCH = YES;
				"CODE_SIGN_IDENTITY[sdk=iphoneos*]" = "iPhone Developer";
				COPY_PHASE_STRIP = NO;
				DEBUG_INFORMATION_FORMAT = dwarf;
				ENABLE_STRICT_OBJC_MSGSEND = YES;
				ENABLE_TESTABILITY = YES;
				GCC_C_LANGUAGE_STANDARD = gnu99;
				GCC_DYNAMIC_NO_PIC = NO;
				GCC_NO_COMMON_BLOCKS = YES;
				GCC_OPTIMIZATION_LEVEL = 0;
				GCC_PREPROCESSOR_DEFINITIONS = (
					"DEBUG=1",
					"$(inherited)",
				);
				GCC_WARN_64_TO_32_BIT_CONVERSION = YES;
				GCC_WARN_ABOUT_RETURN_TYPE = YES_ERROR;
				GCC_WARN_UNDECLARED_SELECTOR = YES;
				GCC_WARN_UNINITIALIZED_AUTOS = YES_AGGRESSIVE;
				GCC_WARN_UNUSED_FUNCTION = YES;
				GCC_WARN_UNUSED_VARIABLE = YES;
				IPHONEOS_DEPLOYMENT_TARGET = 10.2;
				MTL_ENABLE_DEBUG_INFO = YES;
				ONLY_ACTIVE_ARCH = YES;
				SDKROOT = iphoneos;
				SWIFT_ACTIVE_COMPILATION_CONDITIONS = DEBUG;
				SWIFT_OPTIMIZATION_LEVEL = "-Onone";
				TARGETED_DEVICE_FAMILY = "1,2";
			};
			name = Debug;
		};
		A18F1BEB1E89878400FA4338 /* Release */ = {
			isa = XCBuildConfiguration;
			buildSettings = {
				ALWAYS_SEARCH_USER_PATHS = NO;
				CLANG_ANALYZER_NONNULL = YES;
				CLANG_CXX_LANGUAGE_STANDARD = "gnu++0x";
				CLANG_CXX_LIBRARY = "libc++";
				CLANG_ENABLE_MODULES = YES;
				CLANG_ENABLE_OBJC_ARC = YES;
				CLANG_WARN_BOOL_CONVERSION = YES;
				CLANG_WARN_CONSTANT_CONVERSION = YES;
				CLANG_WARN_DIRECT_OBJC_ISA_USAGE = YES_ERROR;
				CLANG_WARN_DOCUMENTATION_COMMENTS = YES;
				CLANG_WARN_EMPTY_BODY = YES;
				CLANG_WARN_ENUM_CONVERSION = YES;
				CLANG_WARN_INFINITE_RECURSION = YES;
				CLANG_WARN_INT_CONVERSION = YES;
				CLANG_WARN_OBJC_ROOT_CLASS = YES_ERROR;
				CLANG_WARN_SUSPICIOUS_MOVE = YES;
				CLANG_WARN_UNREACHABLE_CODE = YES;
				CLANG_WARN__DUPLICATE_METHOD_MATCH = YES;
				"CODE_SIGN_IDENTITY[sdk=iphoneos*]" = "iPhone Developer";
				COPY_PHASE_STRIP = NO;
				DEBUG_INFORMATION_FORMAT = "dwarf-with-dsym";
				ENABLE_NS_ASSERTIONS = NO;
				ENABLE_STRICT_OBJC_MSGSEND = YES;
				GCC_C_LANGUAGE_STANDARD = gnu99;
				GCC_NO_COMMON_BLOCKS = YES;
				GCC_WARN_64_TO_32_BIT_CONVERSION = YES;
				GCC_WARN_ABOUT_RETURN_TYPE = YES_ERROR;
				GCC_WARN_UNDECLARED_SELECTOR = YES;
				GCC_WARN_UNINITIALIZED_AUTOS = YES_AGGRESSIVE;
				GCC_WARN_UNUSED_FUNCTION = YES;
				GCC_WARN_UNUSED_VARIABLE = YES;
				IPHONEOS_DEPLOYMENT_TARGET = 10.2;
				MTL_ENABLE_DEBUG_INFO = NO;
				SDKROOT = iphoneos;
				SWIFT_OPTIMIZATION_LEVEL = "-Owholemodule";
				TARGETED_DEVICE_FAMILY = "1,2";
				VALIDATE_PRODUCT = YES;
			};
			name = Release;
		};
		A18F1BED1E89878400FA4338 /* Debug */ = {
			isa = XCBuildConfiguration;
			buildSettings = {
				ASSETCATALOG_COMPILER_APPICON_NAME = AppIcon;
				DEVELOPMENT_TEAM = S598LCKBB9;
				INFOPLIST_FILE = ClickCounter/Info.plist;
				LD_RUNPATH_SEARCH_PATHS = "$(inherited) @executable_path/Frameworks";
				PRODUCT_BUNDLE_IDENTIFIER = io.clicker.counter.ClickCounter;
				PRODUCT_NAME = "$(TARGET_NAME)";
				SWIFT_VERSION = 3.0;
			};
			name = Debug;
		};
		A18F1BEE1E89878400FA4338 /* Release */ = {
			isa = XCBuildConfiguration;
			buildSettings = {
				ASSETCATALOG_COMPILER_APPICON_NAME = AppIcon;
				DEVELOPMENT_TEAM = S598LCKBB9;
				INFOPLIST_FILE = ClickCounter/Info.plist;
				LD_RUNPATH_SEARCH_PATHS = "$(inherited) @executable_path/Frameworks";
				PRODUCT_BUNDLE_IDENTIFIER = io.clicker.counter.ClickCounter;
				PRODUCT_NAME = "$(TARGET_NAME)";
				SWIFT_VERSION = 3.0;
			};
			name = Release;
		};
		A18F1BF01E89878400FA4338 /* Debug */ = {
			isa = XCBuildConfiguration;
			buildSettings = {
				ALWAYS_EMBED_SWIFT_STANDARD_LIBRARIES = YES;
				BUNDLE_LOADER = "$(TEST_HOST)";
				DEVELOPMENT_TEAM = S598LCKBB9;
				FRAMEWORK_SEARCH_PATHS = (
					"$(inherited)",
					"$(PROJECT_DIR)",
					"$(PROJECT_DIR)/Vendor/Nimble/build/Debug-iphoneos",
					"$(PROJECT_DIR)/Vendor/Quick/build/Debug-iphoneos",
					"$(PROJECT_DIR)/Carthage/Build/iOS",
				);
				INFOPLIST_FILE = ClickCounterTests/Info.plist;
				LD_RUNPATH_SEARCH_PATHS = "$(inherited) @executable_path/Frameworks @loader_path/Frameworks";
				PRODUCT_BUNDLE_IDENTIFIER = io.clicker.counter.ClickCounterTests;
				PRODUCT_NAME = "$(TARGET_NAME)";
				SWIFT_VERSION = 3.0;
				TEST_HOST = "$(BUILT_PRODUCTS_DIR)/ClickCounter.app/ClickCounter";
			};
			name = Debug;
		};
		A18F1BF11E89878400FA4338 /* Release */ = {
			isa = XCBuildConfiguration;
			buildSettings = {
				ALWAYS_EMBED_SWIFT_STANDARD_LIBRARIES = YES;
				BUNDLE_LOADER = "$(TEST_HOST)";
				DEVELOPMENT_TEAM = S598LCKBB9;
				FRAMEWORK_SEARCH_PATHS = (
					"$(inherited)",
					"$(PROJECT_DIR)",
					"$(PROJECT_DIR)/Vendor/Nimble/build/Debug-iphoneos",
					"$(PROJECT_DIR)/Vendor/Quick/build/Debug-iphoneos",
					"$(PROJECT_DIR)/Carthage/Build/iOS",
				);
				INFOPLIST_FILE = ClickCounterTests/Info.plist;
				LD_RUNPATH_SEARCH_PATHS = "$(inherited) @executable_path/Frameworks @loader_path/Frameworks";
				PRODUCT_BUNDLE_IDENTIFIER = io.clicker.counter.ClickCounterTests;
				PRODUCT_NAME = "$(TARGET_NAME)";
				SWIFT_VERSION = 3.0;
				TEST_HOST = "$(BUILT_PRODUCTS_DIR)/ClickCounter.app/ClickCounter";
			};
			name = Release;
		};
		A18F1BF31E89878400FA4338 /* Debug */ = {
			isa = XCBuildConfiguration;
			buildSettings = {
				ALWAYS_EMBED_SWIFT_STANDARD_LIBRARIES = YES;
				DEVELOPMENT_TEAM = S598LCKBB9;
				FRAMEWORK_SEARCH_PATHS = (
					"$(inherited)",
					"$(PROJECT_DIR)",
					"$(PROJECT_DIR)/Vendor/Nimble/build/Debug-iphoneos",
					"$(PROJECT_DIR)/Vendor/Quick/build/Debug-iphoneos",
					"$(PROJECT_DIR)/Carthage/Build/iOS",
				);
				INFOPLIST_FILE = ClickCounterUITests/Info.plist;
				LD_RUNPATH_SEARCH_PATHS = "$(inherited) @executable_path/Frameworks @loader_path/Frameworks";
				PRODUCT_BUNDLE_IDENTIFIER = io.clicker.counter.ClickCounterUITests;
				PRODUCT_NAME = "$(TARGET_NAME)";
				SWIFT_VERSION = 3.0;
				TEST_TARGET_NAME = ClickCounter;
			};
			name = Debug;
		};
		A18F1BF41E89878400FA4338 /* Release */ = {
			isa = XCBuildConfiguration;
			buildSettings = {
				ALWAYS_EMBED_SWIFT_STANDARD_LIBRARIES = YES;
				DEVELOPMENT_TEAM = S598LCKBB9;
				FRAMEWORK_SEARCH_PATHS = (
					"$(inherited)",
					"$(PROJECT_DIR)",
					"$(PROJECT_DIR)/Vendor/Nimble/build/Debug-iphoneos",
					"$(PROJECT_DIR)/Vendor/Quick/build/Debug-iphoneos",
					"$(PROJECT_DIR)/Carthage/Build/iOS",
				);
				INFOPLIST_FILE = ClickCounterUITests/Info.plist;
				LD_RUNPATH_SEARCH_PATHS = "$(inherited) @executable_path/Frameworks @loader_path/Frameworks";
				PRODUCT_BUNDLE_IDENTIFIER = io.clicker.counter.ClickCounterUITests;
				PRODUCT_NAME = "$(TARGET_NAME)";
				SWIFT_VERSION = 3.0;
				TEST_TARGET_NAME = ClickCounter;
			};
			name = Release;
		};
/* End XCBuildConfiguration section */

/* Begin XCConfigurationList section */
		A18F1BBF1E89878400FA4338 /* Build configuration list for PBXProject "ClickCounter" */ = {
			isa = XCConfigurationList;
			buildConfigurations = (
				A18F1BEA1E89878400FA4338 /* Debug */,
				A18F1BEB1E89878400FA4338 /* Release */,
			);
			defaultConfigurationIsVisible = 0;
			defaultConfigurationName = Release;
		};
		A18F1BEC1E89878400FA4338 /* Build configuration list for PBXNativeTarget "ClickCounter" */ = {
			isa = XCConfigurationList;
			buildConfigurations = (
				A18F1BED1E89878400FA4338 /* Debug */,
				A18F1BEE1E89878400FA4338 /* Release */,
			);
			defaultConfigurationIsVisible = 0;
			defaultConfigurationName = Release;
		};
		A18F1BEF1E89878400FA4338 /* Build configuration list for PBXNativeTarget "ClickCounterTests" */ = {
			isa = XCConfigurationList;
			buildConfigurations = (
				A18F1BF01E89878400FA4338 /* Debug */,
				A18F1BF11E89878400FA4338 /* Release */,
			);
			defaultConfigurationIsVisible = 0;
			defaultConfigurationName = Release;
		};
		A18F1BF21E89878400FA4338 /* Build configuration list for PBXNativeTarget "ClickCounterUITests" */ = {
			isa = XCConfigurationList;
			buildConfigurations = (
				A18F1BF31E89878400FA4338 /* Debug */,
				A18F1BF41E89878400FA4338 /* Release */,
			);
			defaultConfigurationIsVisible = 0;
			defaultConfigurationName = Release;
		};
/* End XCConfigurationList section */
	};
	rootObject = A18F1BBC1E89878400FA4338 /* Project object */;
}
